github.com/tamnd/hugo-brainy v0.1.0 h1:/WDuhRxwPaz8sAvI/j+cRVN37BfhhyFv0ZVmmJsoR7c=
github.com/tamnd/hugo-brainy v0.1.0/go.mod h1:CMOsbUhKAIGQqKyZ34igGvRYtDlhll/BP26YwSbzUaA=
github.com/tamnd/hugo-brainy v0.2.0 h1:vS9k9URP7twvSWVr3iIQqXRCezT0trqBD9OlSBiDVKE=
github.com/tamnd/hugo-brainy v0.2.0/go.mod h1:aspJm44AAcsn951ee8GqzPeCUj3Ghap5brTtBcKJpfc=
github.com/tamnd/hugo-brainy v0.2.1 h1:B1lpZyP3hm7aERnEcVHOFUy1hYOUrKrPFvMWpABjWfc=
github.com/tamnd/hugo-brainy v0.2.1/go.mod h1:aspJm44AAcsn951ee8GqzPeCUj3Ghap5brTtBcKJpfc=
github.com/tamnd/hugo-brainy v0.2.2 h1:5m9QUn+93eK6lOCQwbMPps1JH2AvZJphPNrhlFgTvRY=
github.com/tamnd/hugo-brainy v0.2.2/go.mod h1:aspJm44AAcsn951ee8GqzPeCUj3Ghap5brTtBcKJpfc=
github.com/tamnd/hugo-brainy v0.3.0 h1:hGBKCGYj5tPujjNgecxyOLREgG2hkYQoPBRyo9WLlpA=
github.com/tamnd/hugo-brainy v0.3.0/go.mod h1:aspJm44AAcsn951ee8GqzPeCUj3Ghap5brTtBcKJpfc=
github.com/tamnd/hugo-brainy v0.3.1 h1:++nUj+MxqDeiehWcihAzXkCbONozT7YSm2gBdCHAb/Y=
github.com/tamnd/hugo-brainy v0.3.1/go.mod h1:aspJm44AAcsn951ee8GqzPeCUj3Ghap5brTtBcKJpfc=
github.com/tamnd/hugo-brainy v0.3.2 h1:Btzt2/bZPxuRbTNpQkNaO+wBlox1n5FtQVg6eyB+yNk=
github.com/tamnd/hugo-brainy v0.3.2/go.mod h1:F1gqu18e6d7P7RCVp3zINvBwTiBwKX2WciQfyjgs6vo=
