github.com/tamnd/hugo-brainy v0.3.3 h1:jXCfdcScjlbCAnXqv5BMglya42zobKVZzxSRMwXolIQ=
github.com/tamnd/hugo-brainy v0.3.3/go.mod h1:F1gqu18e6d7P7RCVp3zINvBwTiBwKX2WciQfyjgs6vo=
github.com/tamnd/hugo-brainy v0.3.4 h1:liuug27vscFdD0DtnM9e8fOp4kwjcktfRZZ/+tIWaOw=
github.com/tamnd/hugo-brainy v0.3.4/go.mod h1:F1gqu18e6d7P7RCVp3zINvBwTiBwKX2WciQfyjgs6vo=
